[[package]]
category = "main"
description = "A database migration tool for SQLAlchemy."
name = "alembic"
optional = false
python-versions = ">=2.7, !=3.0.*, !=3.1.*, !=3.2.*, !=3.3.*"
version = "1.4.2"

[package.dependencies]
Mako = "*"
SQLAlchemy = ">=1.1.0"
python-dateutil = "*"
python-editor = ">=0.3"

[[package]]
category = "main"
description = "Low-level AMQP client for Python (fork of amqplib)."
name = "amqp"
optional = false
python-versions = ">=2.7, !=3.0.*, !=3.1.*, !=3.2.*, !=3.3.*, !=3.4.*"
version = "2.6.1"

[package.dependencies]
vine = ">=1.1.3,<5.0.0a1"

[[package]]
category = "main"
description = "In-process task scheduler with Cron-like capabilities"
name = "apscheduler"
optional = false
python-versions = "*"
version = "3.6.3"

[package.dependencies]
pytz = "*"
setuptools = ">=0.7"
six = ">=1.4.0"
tzlocal = ">=1.2"

[package.extras]
asyncio = ["trollius"]
doc = ["sphinx", "sphinx-rtd-theme"]
gevent = ["gevent"]
mongodb = ["pymongo (>=2.8)"]
redis = ["redis (>=3.0)"]
rethinkdb = ["rethinkdb (>=2.4.0)"]
sqlalchemy = ["sqlalchemy (>=0.8)"]
testing = ["pytest", "pytest-cov", "pytest-tornado5", "mock", "pytest-asyncio (<0.6)", "pytest-asyncio"]
tornado = ["tornado (>=4.3)"]
twisted = ["twisted"]
zookeeper = ["kazoo"]

[[package]]
category = "dev"
description = "Atomic file writes."
marker = "sys_platform == \"win32\""
name = "atomicwrites"
optional = false
python-versions = ">=2.7, !=3.0.*, !=3.1.*, !=3.2.*, !=3.3.*"
version = "1.4.0"

[[package]]
category = "main"
description = "Classes Without Boilerplate"
name = "attrs"
optional = false
python-versions = ">=2.7, !=3.0.*, !=3.1.*, !=3.2.*, !=3.3.*"
version = "20.1.0"

[package.extras]
dev = ["coverage (>=5.0.2)", "hypothesis", "pympler", "pytest (>=4.3.0)", "six", "zope.interface", "sphinx", "sphinx-rtd-theme", "pre-commit"]
docs = ["sphinx", "sphinx-rtd-theme", "zope.interface"]
tests = ["coverage (>=5.0.2)", "hypothesis", "pympler", "pytest (>=4.3.0)", "six", "zope.interface"]

[[package]]
category = "main"
description = "Python multiprocessing fork with improvements and bugfixes"
name = "billiard"
optional = false
python-versions = "*"
version = "3.6.3.0"

[[package]]
category = "main"
description = "Distributed Task Queue."
name = "celery"
optional = false
python-versions = ">=2.7, !=3.0.*, !=3.1.*, !=3.2.*, !=3.3.*, !=3.4.*"
version = "4.4.7"

[package.dependencies]
billiard = ">=3.6.3.0,<4.0"
kombu = ">=4.6.10,<4.7"
pytz = ">0.0-dev"
vine = "1.3.0"

[package.extras]
arangodb = ["pyArango (>=1.3.2)"]
auth = ["cryptography"]
azureblockblob = ["azure-storage (0.36.0)", "azure-common (1.1.5)", "azure-storage-common (1.1.0)"]
brotli = ["brotli (>=1.0.0)", "brotlipy (>=0.7.0)"]
cassandra = ["cassandra-driver (<3.21.0)"]
consul = ["python-consul"]
cosmosdbsql = ["pydocumentdb (2.3.2)"]
couchbase = ["couchbase-cffi (<3.0.0)", "couchbase (<3.0.0)"]
couchdb = ["pycouchdb"]
django = ["Django (>=1.11)"]
dynamodb = ["boto3 (>=1.9.178)"]
elasticsearch = ["elasticsearch"]
eventlet = ["eventlet (>=0.24.1)"]
gevent = ["gevent"]
librabbitmq = ["librabbitmq (>=1.5.0)"]
lzma = ["backports.lzma"]
memcache = ["pylibmc"]
mongodb = ["pymongo (>=3.3.0)"]
msgpack = ["msgpack"]
pymemcache = ["python-memcached"]
pyro = ["pyro4"]
redis = ["redis (>=3.2.0)"]
riak = ["riak (>=2.0)"]
s3 = ["boto3 (>=1.9.125)"]
slmq = ["softlayer-messaging (>=1.0.3)"]
solar = ["ephem"]
sqlalchemy = ["sqlalchemy"]
sqs = ["boto3 (>=1.9.125)", "pycurl (7.43.0.5)"]
tblib = ["tblib (>=1.3.0)", "tblib (>=1.5.0)"]
yaml = ["PyYAML (>=3.10)"]
zookeeper = ["kazoo (>=1.3.1)"]
zstd = ["zstandard"]

[[package]]
category = "main"
description = "Python package for providing Mozilla's CA Bundle."
name = "certifi"
optional = false
python-versions = "*"
version = "2020.6.20"

[[package]]
category = "main"
description = "Universal encoding detector for Python 2 and 3"
name = "chardet"
optional = false
python-versions = "*"
version = "3.0.4"

[[package]]
category = "main"
description = "Composable command line interface toolkit"
name = "click"
optional = false
python-versions = ">=2.7, !=3.0.*, !=3.1.*, !=3.2.*, !=3.3.*, !=3.4.*"
version = "7.1.2"

[[package]]
category = "main"
description = "Click utility functions"
name = "clickclick"
optional = false
python-versions = "*"
version = "1.2.2"

[package.dependencies]
PyYAML = ">=3.11"
click = ">=4.0"

[[package]]
category = "dev"
description = "Cross-platform colored terminal text."
marker = "sys_platform == \"win32\""
name = "colorama"
optional = false
python-versions = ">=2.7, !=3.0.*, !=3.1.*, !=3.2.*, !=3.3.*, !=3.4.*"
version = "0.4.3"

[[package]]
category = "main"
description = "Connexion - API first applications with OpenAPI/Swagger and Flask"
name = "connexion"
optional = false
python-versions = ">=3.6"
version = "2.7.0"

[package.dependencies]
PyYAML = ">=5.1"
clickclick = ">=1.2"
flask = ">=1.0.4"
inflection = ">=0.3.1"
jsonschema = ">=2.5.1"
openapi-spec-validator = ">=0.2.4"
requests = ">=2.9.1"

[package.extras]
aiohttp = ["aiohttp (>=2.3.10)", "aiohttp-jinja2 (>=0.14.0)"]
flask = ["flask (>=1.0.4)"]
swagger-ui = ["swagger-ui-bundle (>=0.0.2)"]
tests = ["decorator", "pytest", "pytest-cov", "testfixtures", "flask (>=1.0.4)", "swagger-ui-bundle (>=0.0.2)", "aiohttp (>=2.3.10)", "aiohttp-jinja2 (>=0.14.0)", "pytest-aiohttp", "aiohttp-remotes"]

[[package]]
category = "main"
description = "Python client for Elasticsearch"
name = "elasticsearch"
optional = false
python-versions = "*"
version = "7.0.5"

[package.dependencies]
urllib3 = ">=1.21.1"

[package.extras]
develop = ["requests (>=2.0.0,<3.0.0)", "nose", "coverage", "mock", "pyaml", "nosexcover", "sphinx (<1.7)", "sphinx-rtd-theme"]
requests = ["requests (>=2.4.0,<3.0.0)"]

[[package]]
category = "main"
description = "A simple framework for building complex web applications."
name = "flask"
optional = false
python-versions = ">=2.7, !=3.0.*, !=3.1.*, !=3.2.*, !=3.3.*, !=3.4.*"
version = "1.1.2"

[package.dependencies]
Jinja2 = ">=2.10.1"
Werkzeug = ">=0.15"
click = ">=5.1"
itsdangerous = ">=0.24"

[package.extras]
dev = ["pytest", "coverage", "tox", "sphinx", "pallets-sphinx-themes", "sphinxcontrib-log-cabinet", "sphinx-issues"]
docs = ["sphinx", "pallets-sphinx-themes", "sphinxcontrib-log-cabinet", "sphinx-issues"]
dotenv = ["python-dotenv"]

[[package]]
category = "main"
description = "Adds SQLAlchemy support to your Flask application."
name = "flask-sqlalchemy"
optional = false
python-versions = ">= 2.7, != 3.0.*, != 3.1.*, != 3.2.*, != 3.3.*"
version = "2.4.4"

[package.dependencies]
Flask = ">=0.10"
SQLAlchemy = ">=0.8.0"

[[package]]
category = "main"
description = "A Git URL parsing module (supports parsing and rewriting)"
name = "giturlparse"
optional = false
python-versions = "*"
version = "0.9.2"

[[package]]
category = "main"
description = "WSGI HTTP Server for UNIX"
name = "gunicorn"
optional = false
python-versions = ">=3.4"
version = "20.0.4"

[package.dependencies]
setuptools = ">=3.0"

[package.extras]
eventlet = ["eventlet (>=0.9.7)"]
gevent = ["gevent (>=0.13)"]
setproctitle = ["setproctitle"]
tornado = ["tornado (>=0.2)"]

[[package]]
category = "main"
description = "Internationalized Domain Names in Applications (IDNA)"
name = "idna"
optional = false
python-versions = ">=2.7, !=3.0.*, !=3.1.*, !=3.2.*, !=3.3.*"
version = "2.8"

[[package]]
category = "main"
description = "Read metadata from Python packages"
marker = "python_version < \"3.8\""
name = "importlib-metadata"
optional = false
python-versions = "!=3.0.*,!=3.1.*,!=3.2.*,!=3.3.*,!=3.4.*,>=2.7"
version = "1.7.0"

[package.dependencies]
zipp = ">=0.5"

[package.extras]
docs = ["sphinx", "rst.linker"]
testing = ["packaging", "pep517", "importlib-resources (>=1.3)"]

[[package]]
category = "main"
description = "A port of Ruby on Rails inflector to Python"
name = "inflection"
optional = false
python-versions = ">=3.5"
version = "0.5.0"

[[package]]
category = "main"
description = "Various helpers to pass data to untrusted environments and back."
name = "itsdangerous"
optional = false
python-versions = ">=2.7, !=3.0.*, !=3.1.*, !=3.2.*, !=3.3.*"
version = "1.1.0"

[[package]]
category = "main"
description = "A very fast and expressive template engine."
name = "jinja2"
optional = false
python-versions = ">=2.7, !=3.0.*, !=3.1.*, !=3.2.*, !=3.3.*, !=3.4.*"
version = "2.11.2"

[package.dependencies]
MarkupSafe = ">=0.23"

[package.extras]
i18n = ["Babel (>=0.8)"]

[[package]]
category = "main"
description = "An implementation of JSON Schema validation for Python"
name = "jsonschema"
optional = false
python-versions = "*"
version = "3.2.0"

[package.dependencies]
attrs = ">=17.4.0"
pyrsistent = ">=0.14.0"
setuptools = "*"
six = ">=1.11.0"

[package.dependencies.importlib-metadata]
python = "<3.8"
version = "*"

[package.extras]
format = ["idna", "jsonpointer (>1.13)", "rfc3987", "strict-rfc3339", "webcolors"]
format_nongpl = ["idna", "jsonpointer (>1.13)", "webcolors", "rfc3986-validator (>0.1.0)", "rfc3339-validator"]

[[package]]
category = "main"
description = "Messaging library for Python."
name = "kombu"
optional = false
python-versions = ">=2.7, !=3.0.*, !=3.1.*, !=3.2.*, !=3.3.*, !=3.4.*"
version = "4.6.11"

[package.dependencies]
amqp = ">=2.6.0,<2.7"

[package.dependencies.importlib-metadata]
python = "<3.8"
version = ">=0.18"

[package.extras]
azureservicebus = ["azure-servicebus (>=0.21.1)"]
azurestoragequeues = ["azure-storage-queue"]
consul = ["python-consul (>=0.6.0)"]
librabbitmq = ["librabbitmq (>=1.5.2)"]
mongodb = ["pymongo (>=3.3.0)"]
msgpack = ["msgpack"]
pyro = ["pyro4"]
qpid = ["qpid-python (>=0.26)", "qpid-tools (>=0.26)"]
redis = ["redis (>=3.3.11)"]
slmq = ["softlayer-messaging (>=1.0.3)"]
sqlalchemy = ["sqlalchemy"]
sqs = ["boto3 (>=1.4.4)", "pycurl (7.43.0.2)"]
yaml = ["PyYAML (>=3.10)"]
zookeeper = ["kazoo (>=1.3.1)"]

[[package]]
category = "main"
description = "A super-fast templating language that borrows the  best ideas from the existing templating languages."
name = "mako"
optional = false
python-versions = ">=2.7, !=3.0.*, !=3.1.*, !=3.2.*, !=3.3.*"
version = "1.1.3"

[package.dependencies]
MarkupSafe = ">=0.9.2"

[package.extras]
babel = ["babel"]
lingua = ["lingua"]

[[package]]
category = "main"
description = "Safely add untrusted strings to HTML/XML markup."
name = "markupsafe"
optional = false
python-versions = ">=2.7,!=3.0.*,!=3.1.*,!=3.2.*,!=3.3.*"
version = "1.1.1"

[[package]]
category = "dev"
description = "More routines for operating on iterables, beyond itertools"
name = "more-itertools"
optional = false
python-versions = ">=3.5"
version = "8.4.0"

[[package]]
category = "main"
description = "OpenAPI 2.0 (aka Swagger) and OpenAPI 3.0.0 spec validator"
name = "openapi-spec-validator"
optional = false
python-versions = "*"
version = "0.2.9"

[package.dependencies]
PyYAML = ">=5.1"
jsonschema = "*"
six = "*"

[package.extras]
dev = ["pre-commit"]

[[package]]
category = "dev"
description = "Core utilities for Python packages"
name = "packaging"
optional = false
python-versions = ">=2.7, !=3.0.*, !=3.1.*, !=3.2.*, !=3.3.*"
version = "20.4"

[package.dependencies]
pyparsing = ">=2.0.2"
six = "*"

[[package]]
category = "dev"
description = "plugin and hook calling mechanisms for python"
name = "pluggy"
optional = false
python-versions = ">=2.7, !=3.0.*, !=3.1.*, !=3.2.*, !=3.3.*"
version = "0.13.1"

[package.dependencies]
[package.dependencies.importlib-metadata]
python = "<3.8"
version = ">=0.12"

[package.extras]
dev = ["pre-commit", "tox"]

[[package]]
category = "main"
description = "psycopg2 - Python-PostgreSQL Database Adapter"
name = "psycopg2-binary"
optional = false
python-versions = ">=2.7,!=3.0.*,!=3.1.*,!=3.2.*,!=3.3.*"
version = "2.8.5"

[[package]]
category = "dev"
description = "library with cross-python path, ini-parsing, io, code, log facilities"
name = "py"
optional = false
python-versions = ">=2.7, !=3.0.*, !=3.1.*, !=3.2.*, !=3.3.*"
version = "1.9.0"

[[package]]
category = "main"
description = "Very fast asynchronous FTP server library"
name = "pyftpdlib"
optional = false
python-versions = "*"
version = "1.5.6"

[package.extras]
ssl = ["pyopenssl"]

[[package]]
category = "dev"
description = "Python parsing module"
name = "pyparsing"
optional = false
python-versions = ">=2.6, !=3.0.*, !=3.1.*, !=3.2.*"
version = "2.4.7"

[[package]]
category = "main"
description = "Persistent/Functional/Immutable data structures"
name = "pyrsistent"
optional = false
python-versions = "*"
version = "0.16.0"

[package.dependencies]
six = "*"

[[package]]
category = "dev"
description = "pytest: simple powerful testing with Python"
name = "pytest"
optional = false
python-versions = ">=3.5"
version = "5.4.3"

[package.dependencies]
atomicwrites = ">=1.0"
attrs = ">=17.4.0"
colorama = "*"
more-itertools = ">=4.0.0"
packaging = "*"
pluggy = ">=0.12,<1.0"
py = ">=1.5.0"
wcwidth = "*"

[package.dependencies.importlib-metadata]
python = "<3.8"
version = ">=0.12"

[package.extras]
checkqa-mypy = ["mypy (v0.761)"]
testing = ["argcomplete", "hypothesis (>=3.56)", "mock", "nose", "requests", "xmlschema"]

[[package]]
category = "main"
description = "Extensions to the standard Python datetime module"
name = "python-dateutil"
optional = false
python-versions = "!=3.0.*,!=3.1.*,!=3.2.*,>=2.7"
version = "2.8.1"

[package.dependencies]
six = ">=1.5"

[[package]]
category = "main"
description = "Programmatically open an editor, capture the result."
name = "python-editor"
optional = false
python-versions = "*"
version = "1.0.4"

[[package]]
category = "main"
description = "Time expression parser"
name = "pytimeparse"
optional = false
python-versions = "*"
version = "1.1.8"

[[package]]
category = "main"
description = "World timezone definitions, modern and historical"
name = "pytz"
optional = false
python-versions = "*"
version = "2020.1"

[[package]]
category = "main"
description = "YAML parser and emitter for Python"
name = "pyyaml"
optional = false
python-versions = ">=2.7, !=3.0.*, !=3.1.*, !=3.2.*, !=3.3.*, !=3.4.*"
version = "5.3.1"

[[package]]
category = "main"
description = "Python client for Redis key-value store"
name = "redis"
optional = false
python-versions = ">=2.7, !=3.0.*, !=3.1.*, !=3.2.*, !=3.3.*"
version = "3.3.8"

[package.extras]
hiredis = ["hiredis (>=0.1.3)"]

[[package]]
category = "main"
description = "Python HTTP for Humans."
name = "requests"
optional = false
python-versions = ">=2.7, !=3.0.*, !=3.1.*, !=3.2.*, !=3.3.*"
version = "2.21.0"

[package.dependencies]
certifi = ">=2017.4.17"
chardet = ">=3.0.2,<3.1.0"
idna = ">=2.5,<2.9"
urllib3 = ">=1.21.1,<1.25"

[package.extras]
security = ["pyOpenSSL (>=0.14)", "cryptography (>=1.3.4)", "idna (>=2.0.0)"]
socks = ["PySocks (>=1.5.6,<1.5.7 || >1.5.7)", "win-inet-pton"]

[[package]]
category = "main"
description = "RestrictedPython is a defined subset of the Python language which allows to provide a program input into a trusted environment."
name = "restrictedpython"
optional = false
python-versions = "*"
version = "5.0"

[package.dependencies]
setuptools = "*"

[package.extras]
test = ["pytest", "pytest-mock"]

[[package]]
category = "main"
description = "Python 2 and 3 compatibility utilities"
name = "six"
optional = false
python-versions = ">=2.7, !=3.0.*, !=3.1.*, !=3.2.*"
version = "1.15.0"

[[package]]
category = "main"
description = "Database Abstraction Library"
name = "sqlalchemy"
optional = false
python-versions = ">=2.7, !=3.0.*, !=3.1.*, !=3.2.*, !=3.3.*"
version = "1.3.19"

[package.extras]
mssql = ["pyodbc"]
mssql_pymssql = ["pymssql"]
mssql_pyodbc = ["pyodbc"]
mysql = ["mysqlclient"]
oracle = ["cx-oracle"]
postgresql = ["psycopg2"]
postgresql_pg8000 = ["pg8000"]
postgresql_psycopg2binary = ["psycopg2-binary"]
postgresql_psycopg2cffi = ["psycopg2cffi"]
pymysql = ["pymysql"]

[[package]]
category = "main"
description = "swagger_ui_bundle - swagger-ui files in a pip package"
name = "swagger-ui-bundle"
optional = false
python-versions = "*"
version = "0.0.8"

[package.dependencies]
Jinja2 = ">=2.0"

[[package]]
category = "main"
description = "tzinfo object for the local timezone"
name = "tzlocal"
optional = false
python-versions = "*"
version = "2.1"

[package.dependencies]
pytz = "*"

[[package]]
category = "main"
description = "HTTP library with thread-safe connection pooling, file post, and more."
name = "urllib3"
optional = false
python-versions = ">=2.7, !=3.0.*, !=3.1.*, !=3.2.*, !=3.3.*, <4"
version = "1.24.3"

[package.extras]
secure = ["pyOpenSSL (>=0.14)", "cryptography (>=1.3.4)", "idna (>=2.0.0)", "certifi", "ipaddress"]
socks = ["PySocks (>=1.5.6,<1.5.7 || >1.5.7,<2.0)"]

[[package]]
category = "main"
description = "Promises, promises, promises."
name = "vine"
optional = false
python-versions = ">=2.7, !=3.0.*, !=3.1.*, !=3.2.*, !=3.3.*"
version = "1.3.0"

[[package]]
category = "dev"
description = "Measures the displayed width of unicode strings in a terminal"
name = "wcwidth"
optional = false
python-versions = "*"
version = "0.2.5"

[[package]]
category = "main"
description = "The comprehensive WSGI web application library."
name = "werkzeug"
optional = false
python-versions = ">=2.7, !=3.0.*, !=3.1.*, !=3.2.*, !=3.3.*, !=3.4.*"
version = "1.0.1"

[package.extras]
dev = ["pytest", "pytest-timeout", "coverage", "tox", "sphinx", "pallets-sphinx-themes", "sphinx-issues"]
watchdog = ["watchdog"]

[[package]]
category = "main"
description = "Backport of pathlib-compatible object wrapper for zip files"
marker = "python_version < \"3.8\""
name = "zipp"
optional = false
python-versions = ">=3.6"
version = "3.1.0"

[package.extras]
docs = ["sphinx", "jaraco.packaging (>=3.2)", "rst.linker (>=1.9)"]
testing = ["jaraco.itertools", "func-timeout"]

[metadata]
content-hash = "16075b045b0c0e42b9f6ef57c61ccf412f1da700ee5dce6e64e85011762fa131"
lock-version = "1.0"
python-versions = "^3.7"

[metadata.files]
alembic = [
    {file = "alembic-1.4.2.tar.gz", hash = "sha256:035ab00497217628bf5d0be82d664d8713ab13d37b630084da8e1f98facf4dbf"},
]
amqp = [
    {file = "amqp-2.6.1-py2.py3-none-any.whl", hash = "sha256:aa7f313fb887c91f15474c1229907a04dac0b8135822d6603437803424c0aa59"},
    {file = "amqp-2.6.1.tar.gz", hash = "sha256:70cdb10628468ff14e57ec2f751c7aa9e48e7e3651cfd62d431213c0c4e58f21"},
]
apscheduler = [
    {file = "APScheduler-3.6.3-py2.py3-none-any.whl", hash = "sha256:e8b1ecdb4c7cb2818913f766d5898183c7cb8936680710a4d3a966e02262e526"},
    {file = "APScheduler-3.6.3.tar.gz", hash = "sha256:3bb5229eed6fbbdafc13ce962712ae66e175aa214c69bed35a06bffcf0c5e244"},
]
atomicwrites = [
    {file = "atomicwrites-1.4.0-py2.py3-none-any.whl", hash = "sha256:6d1784dea7c0c8d4a5172b6c620f40b6e4cbfdf96d783691f2e1302a7b88e197"},
    {file = "atomicwrites-1.4.0.tar.gz", hash = "sha256:ae70396ad1a434f9c7046fd2dd196fc04b12f9e91ffb859164193be8b6168a7a"},
]
attrs = [
    {file = "attrs-20.1.0-py2.py3-none-any.whl", hash = "sha256:2867b7b9f8326499ab5b0e2d12801fa5c98842d2cbd22b35112ae04bf85b4dff"},
    {file = "attrs-20.1.0.tar.gz", hash = "sha256:0ef97238856430dcf9228e07f316aefc17e8939fc8507e18c6501b761ef1a42a"},
]
billiard = [
    {file = "billiard-3.6.3.0-py3-none-any.whl", hash = "sha256:bff575450859a6e0fbc2f9877d9b715b0bbc07c3565bb7ed2280526a0cdf5ede"},
    {file = "billiard-3.6.3.0.tar.gz", hash = "sha256:d91725ce6425f33a97dfa72fb6bfef0e47d4652acd98a032bd1a7fbf06d5fa6a"},
]
celery = [
    {file = "celery-4.4.7-py2.py3-none-any.whl", hash = "sha256:a92e1d56e650781fb747032a3997d16236d037c8199eacd5217d1a72893bca45"},
    {file = "celery-4.4.7.tar.gz", hash = "sha256:d220b13a8ed57c78149acf82c006785356071844afe0b27012a4991d44026f9f"},
]
certifi = [
    {file = "certifi-2020.6.20-py2.py3-none-any.whl", hash = "sha256:8fc0819f1f30ba15bdb34cceffb9ef04d99f420f68eb75d901e9560b8749fc41"},
    {file = "certifi-2020.6.20.tar.gz", hash = "sha256:5930595817496dd21bb8dc35dad090f1c2cd0adfaf21204bf6732ca5d8ee34d3"},
]
chardet = [
    {file = "chardet-3.0.4-py2.py3-none-any.whl", hash = "sha256:fc323ffcaeaed0e0a02bf4d117757b98aed530d9ed4531e3e15460124c106691"},
    {file = "chardet-3.0.4.tar.gz", hash = "sha256:84ab92ed1c4d4f16916e05906b6b75a6c0fb5db821cc65e70cbd64a3e2a5eaae"},
]
click = [
    {file = "click-7.1.2-py2.py3-none-any.whl", hash = "sha256:dacca89f4bfadd5de3d7489b7c8a566eee0d3676333fbb50030263894c38c0dc"},
    {file = "click-7.1.2.tar.gz", hash = "sha256:d2b5255c7c6349bc1bd1e59e08cd12acbbd63ce649f2588755783aa94dfb6b1a"},
]
clickclick = [
    {file = "clickclick-1.2.2-py2.py3-none-any.whl", hash = "sha256:ab8f229fb9906a86634bdfc6fabfc2b665f44804170720db4f6e1d98f8a58f3d"},
    {file = "clickclick-1.2.2.tar.gz", hash = "sha256:4a890aaa9c3990cfabd446294eb34e3dc89701101ac7b41c1bff85fc210f6d23"},
]
colorama = [
    {file = "colorama-0.4.3-py2.py3-none-any.whl", hash = "sha256:7d73d2a99753107a36ac6b455ee49046802e59d9d076ef8e47b61499fa29afff"},
    {file = "colorama-0.4.3.tar.gz", hash = "sha256:e96da0d330793e2cb9485e9ddfd918d456036c7149416295932478192f4436a1"},
]
connexion = [
    {file = "connexion-2.7.0-py2.py3-none-any.whl", hash = "sha256:5439e9659a89c4380d93a07acfbf3380d70be4130574de8881e5f0dfec7ad0e2"},
    {file = "connexion-2.7.0.tar.gz", hash = "sha256:1ccfac57d4bb7adf4295ba6f5e48f5a1f66057df6a0713417766c9b5235182ee"},
]
elasticsearch = [
    {file = "elasticsearch-7.0.5-py2.py3-none-any.whl", hash = "sha256:7644fa0a9ae524344185bda561826a781a5c6bd4d3eb98a24515c567aab88327"},
    {file = "elasticsearch-7.0.5.tar.gz", hash = "sha256:693935914d59a517dfffdaab547ff906712a386d9e25027517464960221cbd4c"},
]
flask = [
    {file = "Flask-1.1.2-py2.py3-none-any.whl", hash = "sha256:8a4fdd8936eba2512e9c85df320a37e694c93945b33ef33c89946a340a238557"},
    {file = "Flask-1.1.2.tar.gz", hash = "sha256:4efa1ae2d7c9865af48986de8aeb8504bf32c7f3d6fdc9353d34b21f4b127060"},
]
flask-sqlalchemy = [
    {file = "Flask-SQLAlchemy-2.4.4.tar.gz", hash = "sha256:bfc7150eaf809b1c283879302f04c42791136060c6eeb12c0c6674fb1291fae5"},
    {file = "Flask_SQLAlchemy-2.4.4-py2.py3-none-any.whl", hash = "sha256:05b31d2034dd3f2a685cbbae4cfc4ed906b2a733cff7964ada450fd5e462b84e"},
]
giturlparse = [
    {file = "giturlparse-0.9.2-py2.py3-none-any.whl", hash = "sha256:8025143dd297122d8ecf96006f85a9e81c3c491b0ec5eebbba608488edbb289b"},
    {file = "giturlparse-0.9.2.tar.gz", hash = "sha256:7d923e9f4fa60b112cd306a19f5b4fe221a6f5fa9f34b48e6607e54ab7909cd4"},
]
gunicorn = [
    {file = "gunicorn-20.0.4-py2.py3-none-any.whl", hash = "sha256:cd4a810dd51bf497552cf3f863b575dabd73d6ad6a91075b65936b151cbf4f9c"},
    {file = "gunicorn-20.0.4.tar.gz", hash = "sha256:1904bb2b8a43658807108d59c3f3d56c2b6121a701161de0ddf9ad140073c626"},
]
idna = [
    {file = "idna-2.8-py2.py3-none-any.whl", hash = "sha256:ea8b7f6188e6fa117537c3df7da9fc686d485087abf6ac197f9c46432f7e4a3c"},
    {file = "idna-2.8.tar.gz", hash = "sha256:c357b3f628cf53ae2c4c05627ecc484553142ca23264e593d327bcde5e9c3407"},
]
importlib-metadata = [
    {file = "importlib_metadata-1.7.0-py2.py3-none-any.whl", hash = "sha256:dc15b2969b4ce36305c51eebe62d418ac7791e9a157911d58bfb1f9ccd8e2070"},
    {file = "importlib_metadata-1.7.0.tar.gz", hash = "sha256:90bb658cdbbf6d1735b6341ce708fc7024a3e14e99ffdc5783edea9f9b077f83"},
]
inflection = [
    {file = "inflection-0.5.0-py2.py3-none-any.whl", hash = "sha256:88b101b2668a1d81d6d72d4c2018e53bc6c7fc544c987849da1c7f77545c3bc9"},
    {file = "inflection-0.5.0.tar.gz", hash = "sha256:f576e85132d34f5bf7df5183c2c6f94cfb32e528f53065345cf71329ba0b8924"},
]
itsdangerous = [
    {file = "itsdangerous-1.1.0-py2.py3-none-any.whl", hash = "sha256:b12271b2047cb23eeb98c8b5622e2e5c5e9abd9784a153e9d8ef9cb4dd09d749"},
    {file = "itsdangerous-1.1.0.tar.gz", hash = "sha256:321b033d07f2a4136d3ec762eac9f16a10ccd60f53c0c91af90217ace7ba1f19"},
]
jinja2 = [
    {file = "Jinja2-2.11.2-py2.py3-none-any.whl", hash = "sha256:f0a4641d3cf955324a89c04f3d94663aa4d638abe8f733ecd3582848e1c37035"},
    {file = "Jinja2-2.11.2.tar.gz", hash = "sha256:89aab215427ef59c34ad58735269eb58b1a5808103067f7bb9d5836c651b3bb0"},
]
jsonschema = [
    {file = "jsonschema-3.2.0-py2.py3-none-any.whl", hash = "sha256:4e5b3cf8216f577bee9ce139cbe72eca3ea4f292ec60928ff24758ce626cd163"},
    {file = "jsonschema-3.2.0.tar.gz", hash = "sha256:c8a85b28d377cc7737e46e2d9f2b4f44ee3c0e1deac6bf46ddefc7187d30797a"},
]
kombu = [
    {file = "kombu-4.6.11-py2.py3-none-any.whl", hash = "sha256:be48cdffb54a2194d93ad6533d73f69408486483d189fe9f5990ee24255b0e0a"},
    {file = "kombu-4.6.11.tar.gz", hash = "sha256:ca1b45faac8c0b18493d02a8571792f3c40291cf2bcf1f55afed3d8f3aa7ba74"},
]
mako = [
    {file = "Mako-1.1.3-py2.py3-none-any.whl", hash = "sha256:93729a258e4ff0747c876bd9e20df1b9758028946e976324ccd2d68245c7b6a9"},
    {file = "Mako-1.1.3.tar.gz", hash = "sha256:8195c8c1400ceb53496064314c6736719c6f25e7479cd24c77be3d9361cddc27"},
]
markupsafe = [
    {file = "MarkupSafe-1.1.1-cp27-cp27m-macosx_10_6_intel.whl", hash = "sha256:09027a7803a62ca78792ad89403b1b7a73a01c8cb65909cd876f7fcebd79b161"},
    {file = "MarkupSafe-1.1.1-cp27-cp27m-manylinux1_i686.whl", hash = "sha256:e249096428b3ae81b08327a63a485ad0878de3fb939049038579ac0ef61e17e7"},
    {file = "MarkupSafe-1.1.1-cp27-cp27m-manylinux1_x86_64.whl", hash = "sha256:500d4957e52ddc3351cabf489e79c91c17f6e0899158447047588650b5e69183"},
    {file = "MarkupSafe-1.1.1-cp27-cp27m-win32.whl", hash = "sha256:b2051432115498d3562c084a49bba65d97cf251f5a331c64a12ee7e04dacc51b"},
    {file = "MarkupSafe-1.1.1-cp27-cp27m-win_amd64.whl", hash = "sha256:98c7086708b163d425c67c7a91bad6e466bb99d797aa64f965e9d25c12111a5e"},
    {file = "MarkupSafe-1.1.1-cp27-cp27mu-manylinux1_i686.whl", hash = "sha256:cd5df75523866410809ca100dc9681e301e3c27567cf498077e8551b6d20e42f"},
    {file = "MarkupSafe-1.1.1-cp27-cp27mu-manylinux1_x86_64.whl", hash = "sha256:43a55c2930bbc139570ac2452adf3d70cdbb3cfe5912c71cdce1c2c6bbd9c5d1"},
    {file = "MarkupSafe-1.1.1-cp34-cp34m-macosx_10_6_intel.whl", hash = "sha256:1027c282dad077d0bae18be6794e6b6b8c91d58ed8a8d89a89d59693b9131db5"},
    {file = "MarkupSafe-1.1.1-cp34-cp34m-manylinux1_i686.whl", hash = "sha256:62fe6c95e3ec8a7fad637b7f3d372c15ec1caa01ab47926cfdf7a75b40e0eac1"},
    {file = "MarkupSafe-1.1.1-cp34-cp34m-manylinux1_x86_64.whl", hash = "sha256:88e5fcfb52ee7b911e8bb6d6aa2fd21fbecc674eadd44118a9cc3863f938e735"},
    {file = "MarkupSafe-1.1.1-cp34-cp34m-win32.whl", hash = "sha256:ade5e387d2ad0d7ebf59146cc00c8044acbd863725f887353a10df825fc8ae21"},
    {file = "MarkupSafe-1.1.1-cp34-cp34m-win_amd64.whl", hash = "sha256:09c4b7f37d6c648cb13f9230d847adf22f8171b1ccc4d5682398e77f40309235"},
    {file = "MarkupSafe-1.1.1-cp35-cp35m-macosx_10_6_intel.whl", hash = "sha256:79855e1c5b8da654cf486b830bd42c06e8780cea587384cf6545b7d9ac013a0b"},
    {file = "MarkupSafe-1.1.1-cp35-cp35m-manylinux1_i686.whl", hash = "sha256:c8716a48d94b06bb3b2524c2b77e055fb313aeb4ea620c8dd03a105574ba704f"},
    {file = "MarkupSafe-1.1.1-cp35-cp35m-manylinux1_x86_64.whl", hash = "sha256:7c1699dfe0cf8ff607dbdcc1e9b9af1755371f92a68f706051cc8c37d447c905"},
    {file = "MarkupSafe-1.1.1-cp35-cp35m-win32.whl", hash = "sha256:6dd73240d2af64df90aa7c4e7481e23825ea70af4b4922f8ede5b9e35f78a3b1"},
    {file = "MarkupSafe-1.1.1-cp35-cp35m-win_amd64.whl", hash = "sha256:9add70b36c5666a2ed02b43b335fe19002ee5235efd4b8a89bfcf9005bebac0d"},
    {file = "MarkupSafe-1.1.1-cp36-cp36m-macosx_10_6_intel.whl", hash = "sha256:24982cc2533820871eba85ba648cd53d8623687ff11cbb805be4ff7b4c971aff"},
    {file = "MarkupSafe-1.1.1-cp36-cp36m-manylinux1_i686.whl", hash = "sha256:00bc623926325b26bb9605ae9eae8a215691f33cae5df11ca5424f06f2d1f473"},
    {file = "MarkupSafe-1.1.1-cp36-cp36m-manylinux1_x86_64.whl", hash = "sha256:717ba8fe3ae9cc0006d7c451f0bb265ee07739daf76355d06366154ee68d221e"},
    {file = "MarkupSafe-1.1.1-cp36-cp36m-win32.whl", hash = "sha256:535f6fc4d397c1563d08b88e485c3496cf5784e927af890fb3c3aac7f933ec66"},
    {file = "MarkupSafe-1.1.1-cp36-cp36m-win_amd64.whl", hash = "sha256:b1282f8c00509d99fef04d8ba936b156d419be841854fe901d8ae224c59f0be5"},
    {file = "MarkupSafe-1.1.1-cp37-cp37m-macosx_10_6_intel.whl", hash = "sha256:8defac2f2ccd6805ebf65f5eeb132adcf2ab57aa11fdf4c0dd5169a004710e7d"},
    {file = "MarkupSafe-1.1.1-cp37-cp37m-manylinux1_i686.whl", hash = "sha256:46c99d2de99945ec5cb54f23c8cd5689f6d7177305ebff350a58ce5f8de1669e"},
    {file = "MarkupSafe-1.1.1-cp37-cp37m-manylinux1_x86_64.whl", hash = "sha256:ba59edeaa2fc6114428f1637ffff42da1e311e29382d81b339c1817d37ec93c6"},
    {file = "MarkupSafe-1.1.1-cp37-cp37m-win32.whl", hash = "sha256:b00c1de48212e4cc9603895652c5c410df699856a2853135b3967591e4beebc2"},
    {file = "MarkupSafe-1.1.1-cp37-cp37m-win_amd64.whl", hash = "sha256:9bf40443012702a1d2070043cb6291650a0841ece432556f784f004937f0f32c"},
    {file = "MarkupSafe-1.1.1-cp38-cp38-macosx_10_9_x86_64.whl", hash = "sha256:6788b695d50a51edb699cb55e35487e430fa21f1ed838122d722e0ff0ac5ba15"},
    {file = "MarkupSafe-1.1.1-cp38-cp38-manylinux1_i686.whl", hash = "sha256:cdb132fc825c38e1aeec2c8aa9338310d29d337bebbd7baa06889d09a60a1fa2"},
    {file = "MarkupSafe-1.1.1-cp38-cp38-manylinux1_x86_64.whl", hash = "sha256:13d3144e1e340870b25e7b10b98d779608c02016d5184cfb9927a9f10c689f42"},
    {file = "MarkupSafe-1.1.1-cp38-cp38-win32.whl", hash = "sha256:596510de112c685489095da617b5bcbbac7dd6384aeebeda4df6025d0256a81b"},
    {file = "MarkupSafe-1.1.1-cp38-cp38-win_amd64.whl", hash = "sha256:e8313f01ba26fbbe36c7be1966a7b7424942f670f38e666995b88d012765b9be"},
    {file = "MarkupSafe-1.1.1.tar.gz", hash = "sha256:29872e92839765e546828bb7754a68c418d927cd064fd4708fab9fe9c8bb116b"},
]
more-itertools = [
    {file = "more-itertools-8.4.0.tar.gz", hash = "sha256:68c70cc7167bdf5c7c9d8f6954a7837089c6a36bf565383919bb595efb8a17e5"},
    {file = "more_itertools-8.4.0-py3-none-any.whl", hash = "sha256:b78134b2063dd214000685165d81c154522c3ee0a1c0d4d113c80361c234c5a2"},
]
openapi-spec-validator = [
    {file = "openapi-spec-validator-0.2.9.tar.gz", hash = "sha256:79381a69b33423ee400ae1624a461dae7725e450e2e306e32f2dd8d16a4d85cb"},
    {file = "openapi_spec_validator-0.2.9-py2-none-any.whl", hash = "sha256:6dd75e50c94f1bb454d0e374a56418e7e06a07affb2c7f1df88564c5d728dac3"},
    {file = "openapi_spec_validator-0.2.9-py3-none-any.whl", hash = "sha256:ec1b01a00e20955a527358886991ae34b4b791b253027ee9f7df5f84b59d91c7"},
]
packaging = [
    {file = "packaging-20.4-py2.py3-none-any.whl", hash = "sha256:998416ba6962ae7fbd6596850b80e17859a5753ba17c32284f67bfff33784181"},
    {file = "packaging-20.4.tar.gz", hash = "sha256:4357f74f47b9c12db93624a82154e9b120fa8293699949152b22065d556079f8"},
]
pluggy = [
    {file = "pluggy-0.13.1-py2.py3-none-any.whl", hash = "sha256:966c145cd83c96502c3c3868f50408687b38434af77734af1e9ca461a4081d2d"},
    {file = "pluggy-0.13.1.tar.gz", hash = "sha256:15b2acde666561e1298d71b523007ed7364de07029219b604cf808bfa1c765b0"},
]
psycopg2-binary = [
    {file = "psycopg2-binary-2.8.5.tar.gz", hash = "sha256:ccdc6a87f32b491129ada4b87a43b1895cf2c20fdb7f98ad979647506ffc41b6"},
    {file = "psycopg2_binary-2.8.5-cp27-cp27m-macosx_10_6_intel.macosx_10_9_intel.macosx_10_9_x86_64.macosx_10_10_intel.macosx_10_10_x86_64.whl", hash = "sha256:96d3038f5bd061401996614f65d27a4ecb62d843eb4f48e212e6d129171a721f"},
    {file = "psycopg2_binary-2.8.5-cp27-cp27m-manylinux1_i686.whl", hash = "sha256:08507efbe532029adee21b8d4c999170a83760d38249936038bd0602327029b5"},
    {file = "psycopg2_binary-2.8.5-cp27-cp27m-manylinux1_x86_64.whl", hash = "sha256:b9a8b391c2b0321e0cd7ec6b4cfcc3dd6349347bd1207d48bcb752aa6c553a66"},
    {file = "psycopg2_binary-2.8.5-cp27-cp27m-win32.whl", hash = "sha256:3286541b9d85a340ee4ed42732d15fc1bb441dc500c97243a768154ab8505bb5"},
    {file = "psycopg2_binary-2.8.5-cp27-cp27m-win_amd64.whl", hash = "sha256:008da3ab51adc70a5f1cfbbe5db3a22607ab030eb44bcecf517ad11a0c2b3cac"},
    {file = "psycopg2_binary-2.8.5-cp27-cp27mu-manylinux1_i686.whl", hash = "sha256:ba13346ff6d3eb2dca0b6fa0d8a9d999eff3dcd9b55f3a890f12b0b6362b2b38"},
    {file = "psycopg2_binary-2.8.5-cp27-cp27mu-manylinux1_x86_64.whl", hash = "sha256:c8830b7d5f16fd79d39b21e3d94f247219036b29b30c8270314c46bf8b732389"},
    {file = "psycopg2_binary-2.8.5-cp34-cp34m-win32.whl", hash = "sha256:51f7823f1b087d2020d8e8c9e6687473d3d239ba9afc162d9b2ab6e80b53f9f9"},
    {file = "psycopg2_binary-2.8.5-cp34-cp34m-win_amd64.whl", hash = "sha256:107d9be3b614e52a192719c6bf32e8813030020ea1d1215daa86ded9a24d8b04"},
    {file = "psycopg2_binary-2.8.5-cp35-cp35m-macosx_10_6_intel.macosx_10_9_intel.macosx_10_9_x86_64.macosx_10_10_intel.macosx_10_10_x86_64.whl", hash = "sha256:930315ac53dc65cbf52ab6b6d27422611f5fb461d763c531db229c7e1af6c0b3"},
    {file = "psycopg2_binary-2.8.5-cp35-cp35m-manylinux1_i686.whl", hash = "sha256:6bb2dd006a46a4a4ce95201f836194eb6a1e863f69ee5bab506673e0ca767057"},
    {file = "psycopg2_binary-2.8.5-cp35-cp35m-manylinux1_x86_64.whl", hash = "sha256:3939cf75fc89c5e9ed836e228c4a63604dff95ad19aed2bbf71d5d04c15ed5ce"},
    {file = "psycopg2_binary-2.8.5-cp35-cp35m-win32.whl", hash = "sha256:a20299ee0ea2f9cca494396ac472d6e636745652a64a418b39522c120fd0a0a4"},
    {file = "psycopg2_binary-2.8.5-cp35-cp35m-win_amd64.whl", hash = "sha256:cc30cb900f42c8a246e2cb76539d9726f407330bc244ca7729c41a44e8d807fb"},
    {file = "psycopg2_binary-2.8.5-cp36-cp36m-macosx_10_6_intel.macosx_10_9_intel.macosx_10_9_x86_64.macosx_10_10_intel.macosx_10_10_x86_64.whl", hash = "sha256:40abc319f7f26c042a11658bf3dd3b0b3bceccf883ec1c565d5c909a90204434"},
    {file = "psycopg2_binary-2.8.5-cp36-cp36m-manylinux1_i686.whl", hash = "sha256:702f09d8f77dc4794651f650828791af82f7c2efd8c91ae79e3d9fe4bb7d4c98"},
    {file = "psycopg2_binary-2.8.5-cp36-cp36m-manylinux1_x86_64.whl", hash = "sha256:d1a8b01f6a964fec702d6b6dac1f91f2b9f9fe41b310cbb16c7ef1fac82df06d"},
    {file = "psycopg2_binary-2.8.5-cp36-cp36m-win32.whl", hash = "sha256:17a0ea0b0eabf07035e5e0d520dabc7950aeb15a17c6d36128ba99b2721b25b1"},
    {file = "psycopg2_binary-2.8.5-cp36-cp36m-win_amd64.whl", hash = "sha256:e004db88e5a75e5fdab1620fb9f90c9598c2a195a594225ac4ed2a6f1c23e162"},
    {file = "psycopg2_binary-2.8.5-cp37-cp37m-macosx_10_6_intel.macosx_10_9_intel.macosx_10_9_x86_64.macosx_10_10_intel.macosx_10_10_x86_64.whl", hash = "sha256:a34826d6465c2e2bbe9d0605f944f19d2480589f89863ed5f091943be27c9de4"},
    {file = "psycopg2_binary-2.8.5-cp37-cp37m-manylinux1_i686.whl", hash = "sha256:cac918cd7c4c498a60f5d2a61d4f0a6091c2c9490d81bc805c963444032d0dab"},
    {file = "psycopg2_binary-2.8.5-cp37-cp37m-manylinux1_x86_64.whl", hash = "sha256:7b832d76cc65c092abd9505cc670c4e3421fd136fb6ea5b94efbe4c146572505"},
    {file = "psycopg2_binary-2.8.5-cp37-cp37m-win32.whl", hash = "sha256:bb0608694a91db1e230b4a314e8ed00ad07ed0c518f9a69b83af2717e31291a3"},
    {file = "psycopg2_binary-2.8.5-cp37-cp37m-win_amd64.whl", hash = "sha256:eb2f43ae3037f1ef5e19339c41cf56947021ac892f668765cd65f8ab9814192e"},
    {file = "psycopg2_binary-2.8.5-cp38-cp38-macosx_10_9_x86_64.macosx_10_9_intel.macosx_10_10_intel.macosx_10_10_x86_64.whl", hash = "sha256:07cf82c870ec2d2ce94d18e70c13323c89f2f2a2628cbf1feee700630be2519a"},
    {file = "psycopg2_binary-2.8.5-cp38-cp38-manylinux1_i686.whl", hash = "sha256:a69970ee896e21db4c57e398646af9edc71c003bc52a3cc77fb150240fefd266"},
    {file = "psycopg2_binary-2.8.5-cp38-cp38-manylinux1_x86_64.whl", hash = "sha256:7036ccf715925251fac969f4da9ad37e4b7e211b1e920860148a10c0de963522"},
    {file = "psycopg2_binary-2.8.5-cp38-cp38-win32.whl", hash = "sha256:8f74e631b67482d504d7e9cf364071fc5d54c28e79a093ff402d5f8f81e23bfa"},
    {file = "psycopg2_binary-2.8.5-cp38-cp38-win_amd64.whl", hash = "sha256:fa466306fcf6b39b8a61d003123d442b23707d635a5cb05ac4e1b62cc79105cd"},
]
py = [
    {file = "py-1.9.0-py2.py3-none-any.whl", hash = "sha256:366389d1db726cd2fcfc79732e75410e5fe4d31db13692115529d34069a043c2"},
    {file = "py-1.9.0.tar.gz", hash = "sha256:9ca6883ce56b4e8da7e79ac18787889fa5206c79dcc67fb065376cd2fe03f342"},
]
pyftpdlib = [
    {file = "pyftpdlib-1.5.6.tar.gz", hash = "sha256:fda655d81f29af52885ca2f8a2704134baed540f16d66a0b26e8fdfafd12db5e"},
]
pyparsing = [
    {file = "pyparsing-2.4.7-py2.py3-none-any.whl", hash = "sha256:ef9d7589ef3c200abe66653d3f1ab1033c3c419ae9b9bdb1240a85b024efc88b"},
    {file = "pyparsing-2.4.7.tar.gz", hash = "sha256:c203ec8783bf771a155b207279b9bccb8dea02d8f0c9e5f8ead507bc3246ecc1"},
]
pyrsistent = [
    {file = "pyrsistent-0.16.0.tar.gz", hash = "sha256:28669905fe725965daa16184933676547c5bb40a5153055a8dee2a4bd7933ad3"},
]
pytest = [
    {file = "pytest-5.4.3-py3-none-any.whl", hash = "sha256:5c0db86b698e8f170ba4582a492248919255fcd4c79b1ee64ace34301fb589a1"},
    {file = "pytest-5.4.3.tar.gz", hash = "sha256:7979331bfcba207414f5e1263b5a0f8f521d0f457318836a7355531ed1a4c7d8"},
]
python-dateutil = [
    {file = "python-dateutil-2.8.1.tar.gz", hash = "sha256:73ebfe9dbf22e832286dafa60473e4cd239f8592f699aa5adaf10050e6e1823c"},
    {file = "python_dateutil-2.8.1-py2.py3-none-any.whl", hash = "sha256:75bb3f31ea686f1197762692a9ee6a7550b59fc6ca3a1f4b5d7e32fb98e2da2a"},
]
python-editor = [
    {file = "python-editor-1.0.4.tar.gz", hash = "sha256:51fda6bcc5ddbbb7063b2af7509e43bd84bfc32a4ff71349ec7847713882327b"},
    {file = "python_editor-1.0.4-py2-none-any.whl", hash = "sha256:5f98b069316ea1c2ed3f67e7f5df6c0d8f10b689964a4a811ff64f0106819ec8"},
    {file = "python_editor-1.0.4-py2.7.egg", hash = "sha256:ea87e17f6ec459e780e4221f295411462e0d0810858e055fc514684350a2f522"},
    {file = "python_editor-1.0.4-py3-none-any.whl", hash = "sha256:1bf6e860a8ad52a14c3ee1252d5dc25b2030618ed80c022598f00176adc8367d"},
    {file = "python_editor-1.0.4-py3.5.egg", hash = "sha256:c3da2053dbab6b29c94e43c486ff67206eafbe7eb52dbec7390b5e2fb05aac77"},
]
pytimeparse = [
    {file = "pytimeparse-1.1.8-py2.py3-none-any.whl", hash = "sha256:04b7be6cc8bd9f5647a6325444926c3ac34ee6bc7e69da4367ba282f076036bd"},
    {file = "pytimeparse-1.1.8.tar.gz", hash = "sha256:e86136477be924d7e670646a98561957e8ca7308d44841e21f5ddea757556a0a"},
]
pytz = [
    {file = "pytz-2020.1-py2.py3-none-any.whl", hash = "sha256:a494d53b6d39c3c6e44c3bec237336e14305e4f29bbf800b599253057fbb79ed"},
    {file = "pytz-2020.1.tar.gz", hash = "sha256:c35965d010ce31b23eeb663ed3cc8c906275d6be1a34393a1d73a41febf4a048"},
]
pyyaml = [
    {file = "PyYAML-5.3.1-cp27-cp27m-win32.whl", hash = "sha256:74809a57b329d6cc0fdccee6318f44b9b8649961fa73144a98735b0aaf029f1f"},
    {file = "PyYAML-5.3.1-cp27-cp27m-win_amd64.whl", hash = "sha256:240097ff019d7c70a4922b6869d8a86407758333f02203e0fc6ff79c5dcede76"},
    {file = "PyYAML-5.3.1-cp35-cp35m-win32.whl", hash = "sha256:4f4b913ca1a7319b33cfb1369e91e50354d6f07a135f3b901aca02aa95940bd2"},
    {file = "PyYAML-5.3.1-cp35-cp35m-win_amd64.whl", hash = "sha256:cc8955cfbfc7a115fa81d85284ee61147059a753344bc51098f3ccd69b0d7e0c"},
    {file = "PyYAML-5.3.1-cp36-cp36m-win32.whl", hash = "sha256:7739fc0fa8205b3ee8808aea45e968bc90082c10aef6ea95e855e10abf4a37b2"},
    {file = "PyYAML-5.3.1-cp36-cp36m-win_amd64.whl", hash = "sha256:69f00dca373f240f842b2931fb2c7e14ddbacd1397d57157a9b005a6a9942648"},
    {file = "PyYAML-5.3.1-cp37-cp37m-win32.whl", hash = "sha256:d13155f591e6fcc1ec3b30685d50bf0711574e2c0dfffd7644babf8b5102ca1a"},
    {file = "PyYAML-5.3.1-cp37-cp37m-win_amd64.whl", hash = "sha256:73f099454b799e05e5ab51423c7bcf361c58d3206fa7b0d555426b1f4d9a3eaf"},
    {file = "PyYAML-5.3.1-cp38-cp38-win32.whl", hash = "sha256:06a0d7ba600ce0b2d2fe2e78453a470b5a6e000a985dd4a4e54e436cc36b0e97"},
    {file = "PyYAML-5.3.1-cp38-cp38-win_amd64.whl", hash = "sha256:95f71d2af0ff4227885f7a6605c37fd53d3a106fcab511b8860ecca9fcf400ee"},
    {file = "PyYAML-5.3.1.tar.gz", hash = "sha256:b8eac752c5e14d3eca0e6dd9199cd627518cb5ec06add0de9d32baeee6fe645d"},
]
redis = [
    {file = "redis-3.3.8-py2.py3-none-any.whl", hash = "sha256:c504251769031b0dd7dd5cf786050a6050197c6de0d37778c80c08cb04ae8275"},
    {file = "redis-3.3.8.tar.gz", hash = "sha256:98a22fb750c9b9bb46e75e945dc3f61d0ab30d06117cbb21ff9cd1d315fedd3b"},
]
requests = [
    {file = "requests-2.21.0-py2.py3-none-any.whl", hash = "sha256:7bf2a778576d825600030a110f3c0e3e8edc51dfaafe1c146e39a2027784957b"},
    {file = "requests-2.21.0.tar.gz", hash = "sha256:502a824f31acdacb3a35b6690b5fbf0bc41d63a24a45c4004352b0242707598e"},
]
restrictedpython = [
    {file = "RestrictedPython-5.0-py2.py3-none-any.whl", hash = "sha256:9bd69505147b0ff8c68f4ff5a275975a3ab66fc43cbf3b61a195650ed767cd4e"},
    {file = "RestrictedPython-5.0.tar.gz", hash = "sha256:a080569bffdf53371ae3e754ab1732f43054b1bab904fc100f74ba68ac731abc"},
]
six = [
    {file = "six-1.15.0-py2.py3-none-any.whl", hash = "sha256:8b74bedcbbbaca38ff6d7491d76f2b06b3592611af620f8426e82dddb04a5ced"},
    {file = "six-1.15.0.tar.gz", hash = "sha256:30639c035cdb23534cd4aa2dd52c3bf48f06e5f4a941509c8bafd8ce11080259"},
]
sqlalchemy = [
    {file = "SQLAlchemy-1.3.19-cp27-cp27m-macosx_10_14_x86_64.whl", hash = "sha256:f2e8a9c0c8813a468aa659a01af6592f71cd30237ec27c4cc0683f089f90dcfc"},
    {file = "SQLAlchemy-1.3.19-cp27-cp27m-manylinux1_x86_64.whl", hash = "sha256:33d29ae8f1dc7c75b191bb6833f55a19c932514b9b5ce8c3ab9bc3047da5db36"},
    {file = "SQLAlchemy-1.3.19-cp27-cp27m-manylinux2010_x86_64.whl", hash = "sha256:3292a28344922415f939ee7f4fc0c186f3d5a0bf02192ceabd4f1129d71b08de"},
    {file = "SQLAlchemy-1.3.19-cp27-cp27m-win32.whl", hash = "sha256:883c9fb62cebd1e7126dd683222b3b919657590c3e2db33bdc50ebbad53e0338"},
    {file = "SQLAlchemy-1.3.19-cp27-cp27m-win_amd64.whl", hash = "sha256:860d0fe234922fd5552b7f807fbb039e3e7ca58c18c8d38aa0d0a95ddf4f6c23"},
    {file = "SQLAlchemy-1.3.19-cp27-cp27mu-manylinux1_x86_64.whl", hash = "sha256:73a40d4fcd35fdedce07b5885905753d5d4edf413fbe53544dd871f27d48bd4f"},
    {file = "SQLAlchemy-1.3.19-cp27-cp27mu-manylinux2010_x86_64.whl", hash = "sha256:5a49e8473b1ab1228302ed27365ea0fadd4bf44bc0f9e73fe38e10fdd3d6b4fc"},
    {file = "SQLAlchemy-1.3.19-cp35-cp35m-macosx_10_14_x86_64.whl", hash = "sha256:6547b27698b5b3bbfc5210233bd9523de849b2bb8a0329cd754c9308fc8a05ce"},
    {file = "SQLAlchemy-1.3.19-cp35-cp35m-manylinux1_x86_64.whl", hash = "sha256:107d4af989831d7b091e382d192955679ec07a9209996bf8090f1f539ffc5804"},
    {file = "SQLAlchemy-1.3.19-cp35-cp35m-manylinux2010_x86_64.whl", hash = "sha256:eb1d71643e4154398b02e88a42fc8b29db8c44ce4134cf0f4474bfc5cb5d4dac"},
    {file = "SQLAlchemy-1.3.19-cp35-cp35m-win32.whl", hash = "sha256:96f51489ac187f4bab588cf51f9ff2d40b6d170ac9a4270ffaed535c8404256b"},
    {file = "SQLAlchemy-1.3.19-cp35-cp35m-win_amd64.whl", hash = "sha256:618db68745682f64cedc96ca93707805d1f3a031747b5a0d8e150cfd5055ae4d"},
    {file = "SQLAlchemy-1.3.19-cp36-cp36m-macosx_10_14_x86_64.whl", hash = "sha256:6557af9e0d23f46b8cd56f8af08eaac72d2e3c632ac8d5cf4e20215a8dca7cea"},
    {file = "SQLAlchemy-1.3.19-cp36-cp36m-manylinux1_x86_64.whl", hash = "sha256:8280f9dae4adb5889ce0bb3ec6a541bf05434db5f9ab7673078c00713d148365"},
    {file = "SQLAlchemy-1.3.19-cp36-cp36m-manylinux2010_x86_64.whl", hash = "sha256:b595e71c51657f9ee3235db8b53d0b57c09eee74dfb5b77edff0e46d2218dc02"},
    {file = "SQLAlchemy-1.3.19-cp36-cp36m-win32.whl", hash = "sha256:8afcb6f4064d234a43fea108859942d9795c4060ed0fbd9082b0f280181a15c1"},
    {file = "SQLAlchemy-1.3.19-cp36-cp36m-win_amd64.whl", hash = "sha256:e49947d583fe4d29af528677e4f0aa21f5e535ca2ae69c48270ebebd0d8843c0"},
    {file = "SQLAlchemy-1.3.19-cp37-cp37m-macosx_10_14_x86_64.whl", hash = "sha256:9e865835e36dfbb1873b65e722ea627c096c11b05f796831e3a9b542926e979e"},
    {file = "SQLAlchemy-1.3.19-cp37-cp37m-manylinux1_x86_64.whl", hash = "sha256:276936d41111a501cf4a1a0543e25449108d87e9f8c94714f7660eaea89ae5fe"},
    {file = "SQLAlchemy-1.3.19-cp37-cp37m-manylinux2010_x86_64.whl", hash = "sha256:c7adb1f69a80573698c2def5ead584138ca00fff4ad9785a4b0b2bf927ba308d"},
    {file = "SQLAlchemy-1.3.19-cp37-cp37m-win32.whl", hash = "sha256:aa0554495fe06172b550098909be8db79b5accdf6ffb59611900bea345df5eba"},
    {file = "SQLAlchemy-1.3.19-cp37-cp37m-win_amd64.whl", hash = "sha256:15c0bcd3c14f4086701c33a9e87e2c7ceb3bcb4a246cd88ec54a49cf2a5bd1a6"},
    {file = "SQLAlchemy-1.3.19-cp38-cp38-macosx_10_14_x86_64.whl", hash = "sha256:fe7fe11019fc3e6600819775a7d55abc5446dda07e9795f5954fdbf8a49e1c37"},
    {file = "SQLAlchemy-1.3.19-cp38-cp38-manylinux1_x86_64.whl", hash = "sha256:c898b3ebcc9eae7b36bd0b4bbbafce2d8076680f6868bcbacee2d39a7a9726a7"},
    {file = "SQLAlchemy-1.3.19-cp38-cp38-manylinux2010_x86_64.whl", hash = "sha256:072766c3bd09294d716b2d114d46ffc5ccf8ea0b714a4e1c48253014b771c6bb"},
    {file = "SQLAlchemy-1.3.19-cp38-cp38-win32.whl", hash = "sha256:b70bad2f1a5bd3460746c3fb3ab69e4e0eb5f59d977a23f9b66e5bdc74d97b86"},
    {file = "SQLAlchemy-1.3.19-cp38-cp38-win_amd64.whl", hash = "sha256:83469ad15262402b0e0974e612546bc0b05f379b5aa9072ebf66d0f8fef16bea"},
    {file = "SQLAlchemy-1.3.19.tar.gz", hash = "sha256:3bba2e9fbedb0511769780fe1d63007081008c5c2d7d715e91858c94dbaa260e"},
]
swagger-ui-bundle = [
    {file = "swagger_ui_bundle-0.0.8-py3-none-any.whl", hash = "sha256:f5255f786cde67a2638111f4a7d04355836743198a83c4ecbe815d9fc384b0c8"},
    {file = "swagger_ui_bundle-0.0.8.tar.gz", hash = "sha256:f5691167f2e9f73ecbe8229a89454ae5ea958f90bb0d4583ed7adaae598c4122"},
]
tzlocal = [
    {file = "tzlocal-2.1-py2.py3-none-any.whl", hash = "sha256:e2cb6c6b5b604af38597403e9852872d7f534962ae2954c7f35efcb1ccacf4a4"},
    {file = "tzlocal-2.1.tar.gz", hash = "sha256:643c97c5294aedc737780a49d9df30889321cbe1204eac2c2ec6134035a92e44"},
]
urllib3 = [
    {file = "urllib3-1.24.3-py2.py3-none-any.whl", hash = "sha256:a637e5fae88995b256e3409dc4d52c2e2e0ba32c42a6365fee8bbd2238de3cfb"},
    {file = "urllib3-1.24.3.tar.gz", hash = "sha256:2393a695cd12afedd0dcb26fe5d50d0cf248e5a66f75dbd89a3d4eb333a61af4"},
]
vine = [
    {file = "vine-1.3.0-py2.py3-none-any.whl", hash = "sha256:ea4947cc56d1fd6f2095c8d543ee25dad966f78692528e68b4fada11ba3f98af"},
    {file = "vine-1.3.0.tar.gz", hash = "sha256:133ee6d7a9016f177ddeaf191c1f58421a1dcc6ee9a42c58b34bed40e1d2cd87"},
]
wcwidth = [
    {file = "wcwidth-0.2.5-py2.py3-none-any.whl", hash = "sha256:beb4802a9cebb9144e99086eff703a642a13d6a0052920003a230f3294bbe784"},
    {file = "wcwidth-0.2.5.tar.gz", hash = "sha256:c4d647b99872929fdb7bdcaa4fbe7f01413ed3d98077df798530e5b04f116c83"},
]
werkzeug = [
    {file = "Werkzeug-1.0.1-py2.py3-none-any.whl", hash = "sha256:2de2a5db0baeae7b2d2664949077c2ac63fbd16d98da0ff71837f7d1dea3fd43"},
    {file = "Werkzeug-1.0.1.tar.gz", hash = "sha256:6c80b1e5ad3665290ea39320b91e1be1e0d5f60652b964a3070216de83d2e47c"},
]
zipp = [
    {file = "zipp-3.1.0-py3-none-any.whl", hash = "sha256:aa36550ff0c0b7ef7fa639055d797116ee891440eac1a56f378e2d3179e0320b"},
    {file = "zipp-3.1.0.tar.gz", hash = "sha256:c599e4d75c98f6798c509911d08a22e6c021d074469042177c8c86fb92eefd96"},
]
